// !$*UTF8*$!
{
	archiveVersion = 1;
	classes = {
	};
	objectVersion = 46;
	objects = {

/* Begin PBXBuildFile section */
		1F0B5ABE1DC4F665005560CD /* OpenGL.framework in Frameworks */ = {isa = PBXBuildFile; fileRef = 1F0B5ABD1DC4F665005560CD /* OpenGL.framework */; };
		1F0B5AC61DC4F6A8005560CD /* yspng.cpp in Sources */ = {isa = PBXBuildFile; fileRef = 1F0B5ABF1DC4F6A8005560CD /* yspng.cpp */; };
		1F0B5AC71DC4F6A8005560CD /* yspngenc.cpp in Sources */ = {isa = PBXBuildFile; fileRef = 1F0B5AC11DC4F6A8005560CD /* yspngenc.cpp */; };
		1F0B5AC81DC4F6A8005560CD /* fssimplewindowcpp.cpp in Sources */ = {isa = PBXBuildFile; fileRef = 1F0B5AC41DC4F6A8005560CD /* fssimplewindowcpp.cpp */; };
		1F0B5AC91DC4F6A8005560CD /* fssimplewindowobjc.m in Sources */ = {isa = PBXBuildFile; fileRef = 1F0B5AC51DC4F6A8005560CD /* fssimplewindowobjc.m */; };
		1F0B5ACC1DC4F6E5005560CD /* ysglfontdata.c in Sources */ = {isa = PBXBuildFile; fileRef = 1F0B5ACA1DC4F6E5005560CD /* ysglfontdata.c */; };
		1F0B5ACF1DC4F702005560CD /* BigP.cpp in Sources */ = {isa = PBXBuildFile; fileRef = 1F0B5ACD1DC4F702005560CD /* BigP.cpp */; };
/* End PBXBuildFile section */

/* Begin PBXFileReference section */
		1F0B5AA81DC4F64A005560CD /* The big project!.app */ = {isa = PBXFileReference; explicitFileType = wrapper.application; includeInIndex = 0; path = "The big project!.app"; sourceTree = BUILT_PRODUCTS_DIR; };
		1F0B5AB61DC4F64A005560CD /* Info.plist */ = {isa = PBXFileReference; lastKnownFileType = text.plist.xml; path = Info.plist; sourceTree = "<group>"; };
		1F0B5ABD1DC4F665005560CD /* OpenGL.framework */ = {isa = PBXFileReference; lastKnownFileType = wrapper.framework; name = OpenGL.framework; path = System/Library/Frameworks/OpenGL.framework; sourceTree = SDKROOT; };
		1F0B5ABF1DC4F6A8005560CD /* yspng.cpp */ = {isa = PBXFileReference; fileEncoding = 4; lastKnownFileType = sourcecode.cpp.cpp; path = yspng.cpp; sourceTree = "<group>"; };
		1F0B5AC01DC4F6A8005560CD /* yspng.h */ = {isa = PBXFileReference; fileEncoding = 4; lastKnownFileType = sourcecode.c.h; path = yspng.h; sourceTree = "<group>"; };
		1F0B5AC11DC4F6A8005560CD /* yspngenc.cpp */ = {isa = PBXFileReference; fileEncoding = 4; lastKnownFileType = sourcecode.cpp.cpp; path = yspngenc.cpp; sourceTree = "<group>"; };
		1F0B5AC21DC4F6A8005560CD /* yspngenc.h */ = {isa = PBXFileReference; fileEncoding = 4; lastKnownFileType = sourcecode.c.h; path = yspngenc.h; sourceTree = "<group>"; };
		1F0B5AC31DC4F6A8005560CD /* fssimplewindow.h */ = {isa = PBXFileReference; fileEncoding = 4; lastKnownFileType = sourcecode.c.h; path = fssimplewindow.h; sourceTree = "<group>"; };
		1F0B5AC41DC4F6A8005560CD /* fssimplewindowcpp.cpp */ = {isa = PBXFileReference; fileEncoding = 4; lastKnownFileType = sourcecode.cpp.cpp; path = fssimplewindowcpp.cpp; sourceTree = "<group>"; };
		1F0B5AC51DC4F6A8005560CD /* fssimplewindowobjc.m */ = {isa = PBXFileReference; fileEncoding = 4; lastKnownFileType = sourcecode.c.objc; path = fssimplewindowobjc.m; sourceTree = "<group>"; };
		1F0B5ACA1DC4F6E5005560CD /* ysglfontdata.c */ = {isa = PBXFileReference; fileEncoding = 4; lastKnownFileType = sourcecode.c.c; path = ysglfontdata.c; sourceTree = "<group>"; };
		1F0B5ACB1DC4F6E5005560CD /* ysglfontdata.h */ = {isa = PBXFileReference; fileEncoding = 4; lastKnownFileType = sourcecode.c.h; path = ysglfontdata.h; sourceTree = "<group>"; };
		1F0B5ACD1DC4F702005560CD /* BigP.cpp */ = {isa = PBXFileReference; fileEncoding = 4; lastKnownFileType = sourcecode.cpp.cpp; path = BigP.cpp; sourceTree = "<group>"; };
/* End PBXFileReference section */

/* Begin PBXFrameworksBuildPhase section */
		1F0B5AA51DC4F64A005560CD /* Frameworks */ = {
			isa = PBXFrameworksBuildPhase;
			buildActionMask = 2147483647;
			files = (
				1F0B5ABE1DC4F665005560CD /* OpenGL.framework in Frameworks */,
			);
			runOnlyForDeploymentPostprocessing = 0;
		};
/* End PBXFrameworksBuildPhase section */

/* Begin PBXGroup section */
		1F0B5A9F1DC4F64A005560CD = {
			isa = PBXGroup;
			children = (
				1F0B5ACD1DC4F702005560CD /* BigP.cpp */,
				1F0B5AAA1DC4F64A005560CD /* The big project! */,
				1F0B5AA91DC4F64A005560CD /* Products */,
				1F0B5ABC1DC4F665005560CD /* Frameworks */,
			);
			sourceTree = "<group>";
		};
		1F0B5AA91DC4F64A005560CD /* Products */ = {
			isa = PBXGroup;
			children = (
				1F0B5AA81DC4F64A005560CD /* The big project!.app */,
			);
			name = Products;
			sourceTree = "<group>";
		};
		1F0B5AAA1DC4F64A005560CD /* The big project! */ = {
			isa = PBXGroup;
			children = (
				1F0B5ABF1DC4F6A8005560CD /* yspng.cpp */,
				1F0B5AC01DC4F6A8005560CD /* yspng.h */,
				1F0B5AC11DC4F6A8005560CD /* yspngenc.cpp */,
				1F0B5AC21DC4F6A8005560CD /* yspngenc.h */,
				1F0B5AC31DC4F6A8005560CD /* fssimplewindow.h */,
				1F0B5AC41DC4F6A8005560CD /* fssimplewindowcpp.cpp */,
				1F0B5AC51DC4F6A8005560CD /* fssimplewindowobjc.m */,
				1F0B5AB61DC4F64A005560CD /* Info.plist */,
				1F0B5ACA1DC4F6E5005560CD /* ysglfontdata.c */,
				1F0B5ACB1DC4F6E5005560CD /* ysglfontdata.h */,
				1F0B5AAE1DC4F64A005560CD /* Supporting Files */,
			);
			path = "The big project!";
			sourceTree = "<group>";
		};
		1F0B5AAE1DC4F64A005560CD /* Supporting Files */ = {
			isa = PBXGroup;
			children = (
			);
			name = "Supporting Files";
			sourceTree = "<group>";
		};
		1F0B5ABC1DC4F665005560CD /* Frameworks */ = {
			isa = PBXGroup;
			children = (
				1F0B5ABD1DC4F665005560CD /* OpenGL.framework */,
			);
			name = Frameworks;
			sourceTree = "<group>";
		};
/* End PBXGroup section */

/* Begin PBXNativeTarget section */
		1F0B5AA71DC4F64A005560CD /* The big project! */ = {
			isa = PBXNativeTarget;
			buildConfigurationList = 1F0B5AB91DC4F64A005560CD /* Build configuration list for PBXNativeTarget "The big project!" */;
			buildPhases = (
				1F0B5AA41DC4F64A005560CD /* Sources */,
				1F0B5AA51DC4F64A005560CD /* Frameworks */,
				1F0B5AA61DC4F64A005560CD /* Resources */,
			);
			buildRules = (
			);
			dependencies = (
			);
			name = "The big project!";
			productName = "The big project!";
			productReference = 1F0B5AA81DC4F64A005560CD /* The big project!.app */;
			productType = "com.apple.product-type.application";
		};
/* End PBXNativeTarget section */

/* Begin PBXProject section */
		1F0B5AA01DC4F64A005560CD /* Project object */ = {
			isa = PBXProject;
			attributes = {
				LastUpgradeCheck = 0800;
				ORGANIZATIONNAME = CMU;
				TargetAttributes = {
					1F0B5AA71DC4F64A005560CD = {
						CreatedOnToolsVersion = 8.0;
						ProvisioningStyle = Automatic;
					};
				};
			};
			buildConfigurationList = 1F0B5AA31DC4F64A005560CD /* Build configuration list for PBXProject "The big project!" */;
			compatibilityVersion = "Xcode 3.2";
			developmentRegion = English;
			hasScannedForEncodings = 0;
			knownRegions = (
				en,
				Base,
			);
			mainGroup = 1F0B5A9F1DC4F64A005560CD;
			productRefGroup = 1F0B5AA91DC4F64A005560CD /* Products */;
			projectDirPath = "";
			projectRoot = "";
			targets = (
				1F0B5AA71DC4F64A005560CD /* The big project! */,
			);
		};
/* End PBXProject section */

/* Begin PBXResourcesBuildPhase section */
		1F0B5AA61DC4F64A005560CD /* Resources */ = {
			isa = PBXResourcesBuildPhase;
			buildActionMask = 2147483647;
			files = (
			);
			runOnlyForDeploymentPostprocessing = 0;
		};
/* End PBXResourcesBuildPhase section */

/* Begin PBXSourcesBuildPhase section */
		1F0B5AA41DC4F64A005560CD /* Sources */ = {
			isa = PBXSourcesBuildPhase;
			buildActionMask = 2147483647;
			files = (
				1F0B5AC91DC4F6A8005560CD /* fssimplewindowobjc.m in Sources */,
				1F0B5AC81DC4F6A8005560CD /* fssimplewindowcpp.cpp in Sources */,
				1F0B5AC71DC4F6A8005560CD /* yspngenc.cpp in Sources */,
				1F0B5ACF1DC4F702005560CD /* BigP.cpp in Sources */,
				1F0B5AC61DC4F6A8005560CD /* yspng.cpp in Sources */,
				1F0B5ACC1DC4F6E5005560CD /* ysglfontdata.c in Sources */,
			);
			runOnlyForDeploymentPostprocessing = 0;
		};
/* End PBXSourcesBuildPhase section */

/* Begin XCBuildConfiguration section */
		1F0B5AB71DC4F64A005560CD /* Debug */ = {
			isa = XCBuildConfiguration;
			buildSettings = {
				ALWAYS_SEARCH_USER_PATHS = NO;
				CLANG_ANALYZER_NONNULL = YES;
				CLANG_CXX_LANGUAGE_STANDARD = "gnu++0x";
				CLANG_CXX_LIBRARY = "libc++";
				CLANG_ENABLE_MODULES = YES;
				CLANG_ENABLE_OBJC_ARC = YES;
				CLANG_WARN_BOOL_CONVERSION = YES;
				CLANG_WARN_CONSTANT_CONVERSION = YES;
				CLANG_WARN_DIRECT_OBJC_ISA_USAGE = YES_ERROR;
				CLANG_WARN_DOCUMENTATION_COMMENTS = YES;
				CLANG_WARN_EMPTY_BODY = YES;
				CLANG_WARN_ENUM_CONVERSION = YES;
				CLANG_WARN_INFINITE_RECURSION = YES;
				CLANG_WARN_INT_CONVERSION = YES;
				CLANG_WARN_OBJC_ROOT_CLASS = YES_ERROR;
				CLANG_WARN_SUSPICIOUS_MOVES = YES;
				CLANG_WARN_UNREACHABLE_CODE = YES;
				CLANG_WARN__DUPLICATE_METHOD_MATCH = YES;
				CODE_SIGN_IDENTITY = "-";
				COPY_PHASE_STRIP = NO;
				DEBUG_INFORMATION_FORMAT = dwarf;
				ENABLE_STRICT_OBJC_MSGSEND = YES;
				ENABLE_TESTABILITY = YES;
				GCC_C_LANGUAGE_STANDARD = gnu99;
				GCC_DYNAMIC_NO_PIC = NO;
				GCC_NO_COMMON_BLOCKS = YES;
				GCC_OPTIMIZATION_LEVEL = 0;
				GCC_PREPROCESSOR_DEFINITIONS = (
					"DEBUG=1",
					"$(inherited)",
				);
				GCC_WARN_64_TO_32_BIT_CONVERSION = YES;
				GCC_WARN_ABOUT_RETURN_TYPE = YES_ERROR;
				GCC_WARN_UNDECLARED_SELECTOR = YES;
				GCC_WARN_UNINITIALIZED_AUTOS = YES_AGGRESSIVE;
				GCC_WARN_UNUSED_FUNCTION = YES;
				GCC_WARN_UNUSED_VARIABLE = YES;
				MACOSX_DEPLOYMENT_TARGET = 10.11;
				MTL_ENABLE_DEBUG_INFO = YES;
				ONLY_ACTIVE_ARCH = YES;
				SDKROOT = macosx;
			};
			name = Debug;
		};
		1F0B5AB81DC4F64A005560CD /* Release */ = {
			isa = XCBuildConfiguration;
			buildSettings = {
				ALWAYS_SEARCH_USER_PATHS = NO;
				CLANG_ANALYZER_NONNULL = YES;
				CLANG_CXX_LANGUAGE_STANDARD = "gnu++0x";
				CLANG_CXX_LIBRARY = "libc++";
				CLANG_ENABLE_MODULES = YES;
				CLANG_ENABLE_OBJC_ARC = YES;
				CLANG_WARN_BOOL_CONVERSION = YES;
				CLANG_WARN_CONSTANT_CONVERSION = YES;
				CLANG_WARN_DIRECT_OBJC_ISA_USAGE = YES_ERROR;
				CLANG_WARN_DOCUMENTATION_COMMENTS = YES;
				CLANG_WARN_EMPTY_BODY = YES;
				CLANG_WARN_ENUM_CONVERSION = YES;
				CLANG_WARN_INFINITE_RECURSION = YES;
				CLANG_WARN_INT_CONVERSION = YES;
				CLANG_WARN_OBJC_ROOT_CLASS = YES_ERROR;
				CLANG_WARN_SUSPICIOUS_MOVES = YES;
				CLANG_WARN_UNREACHABLE_CODE = YES;
				CLANG_WARN__DUPLICATE_METHOD_MATCH = YES;
				CODE_SIGN_IDENTITY = "-";
				COPY_PHASE_STRIP = NO;
				DEBUG_INFORMATION_FORMAT = "dwarf-with-dsym";
				ENABLE_NS_ASSERTIONS = NO;
				ENABLE_STRICT_OBJC_MSGSEND = YES;
				GCC_C_LANGUAGE_STANDARD = gnu99;
				GCC_NO_COMMON_BLOCKS = YES;
				GCC_WARN_64_TO_32_BIT_CONVERSION = YES;
				GCC_WARN_ABOUT_RETURN_TYPE = YES_ERROR;
				GCC_WARN_UNDECLARED_SELECTOR = YES;
				GCC_WARN_UNINITIALIZED_AUTOS = YES_AGGRESSIVE;
				GCC_WARN_UNUSED_FUNCTION = YES;
				GCC_WARN_UNUSED_VARIABLE = YES;
				MACOSX_DEPLOYMENT_TARGET = 10.11;
				MTL_ENABLE_DEBUG_INFO = NO;
				SDKROOT = macosx;
			};
			name = Release;
		};
		1F0B5ABA1DC4F64A005560CD /* Debug */ = {
			isa = XCBuildConfiguration;
			buildSettings = {
				ASSETCATALOG_COMPILER_APPICON_NAME = AppIcon;
				COMBINE_HIDPI_IMAGES = YES;
				"HEADER_SEARCH_PATHS[arch=*]" = "";
				INFOPLIST_FILE = "The big project!/Info.plist";
				LD_RUNPATH_SEARCH_PATHS = "$(inherited) @executable_path/../Frameworks";
				PRODUCT_BUNDLE_IDENTIFIER = "-.The-big-project-";
				PRODUCT_NAME = "$(TARGET_NAME)";
			};
			name = Debug;
		};
		1F0B5ABB1DC4F64A005560CD /* Release */ = {
			isa = XCBuildConfiguration;
			buildSettings = {
				ASSETCATALOG_COMPILER_APPICON_NAME = AppIcon;
				COMBINE_HIDPI_IMAGES = YES;
				"HEADER_SEARCH_PATHS[arch=*]" = "";
				INFOPLIST_FILE = "The big project!/Info.plist";
				LD_RUNPATH_SEARCH_PATHS = "$(inherited) @executable_path/../Frameworks";
				PRODUCT_BUNDLE_IDENTIFIER = "-.The-big-project-";
				PRODUCT_NAME = "$(TARGET_NAME)";
			};
			name = Release;
		};
/* End XCBuildConfiguration section */

/* Begin XCConfigurationList section */
		1F0B5AA31DC4F64A005560CD /* Build configuration list for PBXProject "The big project!" */ = {
			isa = XCConfigurationList;
			buildConfigurations = (
				1F0B5AB71DC4F64A005560CD /* Debug */,
				1F0B5AB81DC4F64A005560CD /* Release */,
			);
			defaultConfigurationIsVisible = 0;
			defaultConfigurationName = Release;
		};
		1F0B5AB91DC4F64A005560CD /* Build configuration list for PBXNativeTarget "The big project!" */ = {
			isa = XCConfigurationList;
			buildConfigurations = (
				1F0B5ABA1DC4F64A005560CD /* Debug */,
				1F0B5ABB1DC4F64A005560CD /* Release */,
			);
			defaultConfigurationIsVisible = 0;
		};
/* End XCConfigurationList section */
	};
	rootObject = 1F0B5AA01DC4F64A005560CD /* Project object */;
}
